// !$*UTF8*$!
{
	archiveVersion = 1;
	classes = {
	};
	objectVersion = 50;
	objects = {

/* Begin PBXBuildFile section */
		5721D8B124FCCC9A00CBA49B /* AppDelegate.swift in Sources */ = {isa = PBXBuildFile; fileRef = 5721D8B024FCCC9A00CBA49B /* AppDelegate.swift */; };
		5721D8B324FCCC9A00CBA49B /* SceneDelegate.swift in Sources */ = {isa = PBXBuildFile; fileRef = 5721D8B224FCCC9A00CBA49B /* SceneDelegate.swift */; };
		5721D8B524FCCC9A00CBA49B /* ViewController.swift in Sources */ = {isa = PBXBuildFile; fileRef = 5721D8B424FCCC9A00CBA49B /* ViewController.swift */; };
		5721D8B824FCCC9A00CBA49B /* Main.storyboard in Resources */ = {isa = PBXBuildFile; fileRef = 5721D8B624FCCC9A00CBA49B /* Main.storyboard */; };
		5721D8BA24FCCC9C00CBA49B /* Assets.xcassets in Resources */ = {isa = PBXBuildFile; fileRef = 5721D8B924FCCC9C00CBA49B /* Assets.xcassets */; };
		5721D8BD24FCCC9C00CBA49B /* LaunchScreen.storyboard in Resources */ = {isa = PBXBuildFile; fileRef = 5721D8BB24FCCC9C00CBA49B /* LaunchScreen.storyboard */; };
		5721D8CB24FCCCD900CBA49B /* Media.xcassets in Resources */ = {isa = PBXBuildFile; fileRef = 5721D8CA24FCCCD900CBA49B /* Media.xcassets */; };
		5721D8CD24FCCCD900CBA49B /* ActionViewController.swift in Sources */ = {isa = PBXBuildFile; fileRef = 5721D8CC24FCCCD900CBA49B /* ActionViewController.swift */; };
		5721D8D024FCCCD900CBA49B /* MainInterface.storyboard in Resources */ = {isa = PBXBuildFile; fileRef = 5721D8CE24FCCCD900CBA49B /* MainInterface.storyboard */; };
		5721D8D424FCCCD900CBA49B /* DownloadVideo.appex in Embed App Extensions */ = {isa = PBXBuildFile; fileRef = 5721D8C824FCCCD900CBA49B /* DownloadVideo.appex */; settings = {ATTRIBUTES = (RemoveHeadersOnCopy, ); }; };
/* End PBXBuildFile section */

/* Begin PBXContainerItemProxy section */
		5721D8D224FCCCD900CBA49B /* PBXContainerItemProxy */ = {
			isa = PBXContainerItemProxy;
			containerPortal = 5721D8A524FCCC9A00CBA49B /* Project object */;
			proxyType = 1;
			remoteGlobalIDString = 5721D8C724FCCCD900CBA49B;
			remoteInfo = DownloadVideo;
		};
/* End PBXContainerItemProxy section */

/* Begin PBXCopyFilesBuildPhase section */
		5721D8D824FCCCD900CBA49B /* Embed App Extensions */ = {
			isa = PBXCopyFilesBuildPhase;
			buildActionMask = 2147483647;
			dstPath = "";
			dstSubfolderSpec = 13;
			files = (
				5721D8D424FCCCD900CBA49B /* DownloadVideo.appex in Embed App Extensions */,
			);
			name = "Embed App Extensions";
			runOnlyForDeploymentPostprocessing = 0;
		};
/* End PBXCopyFilesBuildPhase section */

/* Begin PBXFileReference section */
		5721D8AD24FCCC9A00CBA49B /* Download.app */ = {isa = PBXFileReference; explicitFileType = wrapper.application; includeInIndex = 0; path = Download.app; sourceTree = BUILT_PRODUCTS_DIR; };
		5721D8B024FCCC9A00CBA49B /* AppDelegate.swift */ = {isa = PBXFileReference; lastKnownFileType = sourcecode.swift; path = AppDelegate.swift; sourceTree = "<group>"; };
		5721D8B224FCCC9A00CBA49B /* SceneDelegate.swift */ = {isa = PBXFileReference; lastKnownFileType = sourcecode.swift; path = SceneDelegate.swift; sourceTree = "<group>"; };
		5721D8B424FCCC9A00CBA49B /* ViewController.swift */ = {isa = PBXFileReference; lastKnownFileType = sourcecode.swift; path = ViewController.swift; sourceTree = "<group>"; };
		5721D8B724FCCC9A00CBA49B /* Base */ = {isa = PBXFileReference; lastKnownFileType = file.storyboard; name = Base; path = Base.lproj/Main.storyboard; sourceTree = "<group>"; };
		5721D8B924FCCC9C00CBA49B /* Assets.xcassets */ = {isa = PBXFileReference; lastKnownFileType = folder.assetcatalog; path = Assets.xcassets; sourceTree = "<group>"; };
		5721D8BC24FCCC9C00CBA49B /* Base */ = {isa = PBXFileReference; lastKnownFileType = file.storyboard; name = Base; path = Base.lproj/LaunchScreen.storyboard; sourceTree = "<group>"; };
		5721D8BE24FCCC9C00CBA49B /* Info.plist */ = {isa = PBXFileReference; lastKnownFileType = text.plist.xml; path = Info.plist; sourceTree = "<group>"; };
		5721D8C824FCCCD900CBA49B /* DownloadVideo.appex */ = {isa = PBXFileReference; explicitFileType = "wrapper.app-extension"; includeInIndex = 0; path = DownloadVideo.appex; sourceTree = BUILT_PRODUCTS_DIR; };
		5721D8CA24FCCCD900CBA49B /* Media.xcassets */ = {isa = PBXFileReference; lastKnownFileType = folder.assetcatalog; path = Media.xcassets; sourceTree = "<group>"; };
		5721D8CC24FCCCD900CBA49B /* ActionViewController.swift */ = {isa = PBXFileReference; lastKnownFileType = sourcecode.swift; path = ActionViewController.swift; sourceTree = "<group>"; };
		5721D8CF24FCCCD900CBA49B /* Base */ = {isa = PBXFileReference; lastKnownFileType = file.storyboard; name = Base; path = Base.lproj/MainInterface.storyboard; sourceTree = "<group>"; };
		5721D8D124FCCCD900CBA49B /* Info.plist */ = {isa = PBXFileReference; lastKnownFileType = text.plist.xml; path = Info.plist; sourceTree = "<group>"; };
/* End PBXFileReference section */

/* Begin PBXFrameworksBuildPhase section */
		5721D8AA24FCCC9A00CBA49B /* Frameworks */ = {
			isa = PBXFrameworksBuildPhase;
			buildActionMask = 2147483647;
			files = (
			);
			runOnlyForDeploymentPostprocessing = 0;
		};
		5721D8C524FCCCD900CBA49B /* Frameworks */ = {
			isa = PBXFrameworksBuildPhase;
			buildActionMask = 2147483647;
			files = (
			);
			runOnlyForDeploymentPostprocessing = 0;
		};
/* End PBXFrameworksBuildPhase section */

/* Begin PBXGroup section */
		5721D8A424FCCC9A00CBA49B = {
			isa = PBXGroup;
			children = (
				5721D8AF24FCCC9A00CBA49B /* Download */,
				5721D8C924FCCCD900CBA49B /* DownloadVideo */,
				5721D8AE24FCCC9A00CBA49B /* Products */,
			);
			sourceTree = "<group>";
		};
		5721D8AE24FCCC9A00CBA49B /* Products */ = {
			isa = PBXGroup;
			children = (
				5721D8AD24FCCC9A00CBA49B /* Download.app */,
				5721D8C824FCCCD900CBA49B /* DownloadVideo.appex */,
			);
			name = Products;
			sourceTree = "<group>";
		};
		5721D8AF24FCCC9A00CBA49B /* Download */ = {
			isa = PBXGroup;
			children = (
				5721D8B024FCCC9A00CBA49B /* AppDelegate.swift */,
				5721D8B224FCCC9A00CBA49B /* SceneDelegate.swift */,
				5721D8B424FCCC9A00CBA49B /* ViewController.swift */,
				5721D8B624FCCC9A00CBA49B /* Main.storyboard */,
				5721D8B924FCCC9C00CBA49B /* Assets.xcassets */,
				5721D8BB24FCCC9C00CBA49B /* LaunchScreen.storyboard */,
				5721D8BE24FCCC9C00CBA49B /* Info.plist */,
			);
			path = Download;
			sourceTree = "<group>";
		};
		5721D8C924FCCCD900CBA49B /* DownloadVideo */ = {
			isa = PBXGroup;
			children = (
				5721D8CA24FCCCD900CBA49B /* Media.xcassets */,
				5721D8CC24FCCCD900CBA49B /* ActionViewController.swift */,
				5721D8CE24FCCCD900CBA49B /* MainInterface.storyboard */,
				5721D8D124FCCCD900CBA49B /* Info.plist */,
			);
			path = DownloadVideo;
			sourceTree = "<group>";
		};
/* End PBXGroup section */

/* Begin PBXNativeTarget section */
		5721D8AC24FCCC9A00CBA49B /* Download */ = {
			isa = PBXNativeTarget;
			buildConfigurationList = 5721D8C124FCCC9C00CBA49B /* Build configuration list for PBXNativeTarget "Download" */;
			buildPhases = (
				5721D8A924FCCC9A00CBA49B /* Sources */,
				5721D8AA24FCCC9A00CBA49B /* Frameworks */,
				5721D8AB24FCCC9A00CBA49B /* Resources */,
				5721D8D824FCCCD900CBA49B /* Embed App Extensions */,
			);
			buildRules = (
			);
			dependencies = (
				5721D8D324FCCCD900CBA49B /* PBXTargetDependency */,
			);
			name = Download;
			productName = Download;
			productReference = 5721D8AD24FCCC9A00CBA49B /* Download.app */;
			productType = "com.apple.product-type.application";
		};
		5721D8C724FCCCD900CBA49B /* DownloadVideo */ = {
			isa = PBXNativeTarget;
			buildConfigurationList = 5721D8D524FCCCD900CBA49B /* Build configuration list for PBXNativeTarget "DownloadVideo" */;
			buildPhases = (
				5721D8C424FCCCD900CBA49B /* Sources */,
				5721D8C524FCCCD900CBA49B /* Frameworks */,
				5721D8C624FCCCD900CBA49B /* Resources */,
			);
			buildRules = (
			);
			dependencies = (
			);
			name = DownloadVideo;
			productName = DownloadVideo;
			productReference = 5721D8C824FCCCD900CBA49B /* DownloadVideo.appex */;
			productType = "com.apple.product-type.app-extension";
		};
/* End PBXNativeTarget section */

/* Begin PBXProject section */
		5721D8A524FCCC9A00CBA49B /* Project object */ = {
			isa = PBXProject;
			attributes = {
				LastSwiftUpdateCheck = 1160;
				LastUpgradeCheck = 1160;
				ORGANIZATIONNAME = "Taisiya V";
				TargetAttributes = {
					5721D8AC24FCCC9A00CBA49B = {
						CreatedOnToolsVersion = 11.6;
					};
					5721D8C724FCCCD900CBA49B = {
						CreatedOnToolsVersion = 11.6;
					};
				};
			};
			buildConfigurationList = 5721D8A824FCCC9A00CBA49B /* Build configuration list for PBXProject "Download" */;
			compatibilityVersion = "Xcode 9.3";
			developmentRegion = en;
			hasScannedForEncodings = 0;
			knownRegions = (
				en,
				Base,
			);
			mainGroup = 5721D8A424FCCC9A00CBA49B;
			productRefGroup = 5721D8AE24FCCC9A00CBA49B /* Products */;
			projectDirPath = "";
			projectRoot = "";
			targets = (
				5721D8AC24FCCC9A00CBA49B /* Download */,
				5721D8C724FCCCD900CBA49B /* DownloadVideo */,
			);
		};
/* End PBXProject section */

/* Begin PBXResourcesBuildPhase section */
		5721D8AB24FCCC9A00CBA49B /* Resources */ = {
			isa = PBXResourcesBuildPhase;
			buildActionMask = 2147483647;
			files = (
				5721D8BD24FCCC9C00CBA49B /* LaunchScreen.storyboard in Resources */,
				5721D8BA24FCCC9C00CBA49B /* Assets.xcassets in Resources */,
				5721D8B824FCCC9A00CBA49B /* Main.storyboard in Resources */,
			);
			runOnlyForDeploymentPostprocessing = 0;
		};
		5721D8C624FCCCD900CBA49B /* Resources */ = {
			isa = PBXResourcesBuildPhase;
			buildActionMask = 2147483647;
			files = (
				5721D8CB24FCCCD900CBA49B /* Media.xcassets in Resources */,
				5721D8D024FCCCD900CBA49B /* MainInterface.storyboard in Resources */,
			);
			runOnlyForDeploymentPostprocessing = 0;
		};
/* End PBXResourcesBuildPhase section */

/* Begin PBXSourcesBuildPhase section */
		5721D8A924FCCC9A00CBA49B /* Sources */ = {
			isa = PBXSourcesBuildPhase;
			buildActionMask = 2147483647;
			files = (
				5721D8B524FCCC9A00CBA49B /* ViewController.swift in Sources */,
				5721D8B124FCCC9A00CBA49B /* AppDelegate.swift in Sources */,
				5721D8B324FCCC9A00CBA49B /* SceneDelegate.swift in Sources */,
			);
			runOnlyForDeploymentPostprocessing = 0;
		};
		5721D8C424FCCCD900CBA49B /* Sources */ = {
			isa = PBXSourcesBuildPhase;
			buildActionMask = 2147483647;
			files = (
				5721D8CD24FCCCD900CBA49B /* ActionViewController.swift in Sources */,
			);
			runOnlyForDeploymentPostprocessing = 0;
		};
/* End PBXSourcesBuildPhase section */

/* Begin PBXTargetDependency section */
		5721D8D324FCCCD900CBA49B /* PBXTargetDependency */ = {
			isa = PBXTargetDependency;
			target = 5721D8C724FCCCD900CBA49B /* DownloadVideo */;
			targetProxy = 5721D8D224FCCCD900CBA49B /* PBXContainerItemProxy */;
		};
/* End PBXTargetDependency section */

/* Begin PBXVariantGroup section */
		5721D8B624FCCC9A00CBA49B /* Main.storyboard */ = {
			isa = PBXVariantGroup;
			children = (
				5721D8B724FCCC9A00CBA49B /* Base */,
			);
			name = Main.storyboard;
			sourceTree = "<group>";
		};
		5721D8BB24FCCC9C00CBA49B /* LaunchScreen.storyboard */ = {
			isa = PBXVariantGroup;
			children = (
				5721D8BC24FCCC9C00CBA49B /* Base */,
			);
			name = LaunchScreen.storyboard;
			sourceTree = "<group>";
		};
		5721D8CE24FCCCD900CBA49B /* MainInterface.storyboard */ = {
			isa = PBXVariantGroup;
			children = (
				5721D8CF24FCCCD900CBA49B /* Base */,
			);
			name = MainInterface.storyboard;
			sourceTree = "<group>";
		};
/* End PBXVariantGroup section */

/* Begin XCBuildConfiguration section */
		5721D8BF24FCCC9C00CBA49B /* Debug */ = {
			isa = XCBuildConfiguration;
			buildSettings = {
				ALWAYS_SEARCH_USER_PATHS = NO;
				CLANG_ANALYZER_NONNULL = YES;
				CLANG_ANALYZER_NUMBER_OBJECT_CONVERSION = YES_AGGRESSIVE;
				CLANG_CXX_LANGUAGE_STANDARD = "gnu++14";
				CLANG_CXX_LIBRARY = "libc++";
				CLANG_ENABLE_MODULES = YES;
				CLANG_ENABLE_OBJC_ARC = YES;
				CLANG_ENABLE_OBJC_WEAK = YES;
				CLANG_WARN_BLOCK_CAPTURE_AUTORELEASING = YES;
				CLANG_WARN_BOOL_CONVERSION = YES;
				CLANG_WARN_COMMA = YES;
				CLANG_WARN_CONSTANT_CONVERSION = YES;
				CLANG_WARN_DEPRECATED_OBJC_IMPLEMENTATIONS = YES;
				CLANG_WARN_DIRECT_OBJC_ISA_USAGE = YES_ERROR;
				CLANG_WARN_DOCUMENTATION_COMMENTS = YES;
				CLANG_WARN_EMPTY_BODY = YES;
				CLANG_WARN_ENUM_CONVERSION = YES;
				CLANG_WARN_INFINITE_RECURSION = YES;
				CLANG_WARN_INT_CONVERSION = YES;
				CLANG_WARN_NON_LITERAL_NULL_CONVERSION = YES;
				CLANG_WARN_OBJC_IMPLICIT_RETAIN_SELF = YES;
				CLANG_WARN_OBJC_LITERAL_CONVERSION = YES;
				CLANG_WARN_OBJC_ROOT_CLASS = YES_ERROR;
				CLANG_WARN_RANGE_LOOP_ANALYSIS = YES;
				CLANG_WARN_STRICT_PROTOTYPES = YES;
				CLANG_WARN_SUSPICIOUS_MOVE = YES;
				CLANG_WARN_UNGUARDED_AVAILABILITY = YES_AGGRESSIVE;
				CLANG_WARN_UNREACHABLE_CODE = YES;
				CLANG_WARN__DUPLICATE_METHOD_MATCH = YES;
				COPY_PHASE_STRIP = NO;
				DEBUG_INFORMATION_FORMAT = dwarf;
				ENABLE_STRICT_OBJC_MSGSEND = YES;
				ENABLE_TESTABILITY = YES;
				GCC_C_LANGUAGE_STANDARD = gnu11;
				GCC_DYNAMIC_NO_PIC = NO;
				GCC_NO_COMMON_BLOCKS = YES;
				GCC_OPTIMIZATION_LEVEL = 0;
				GCC_PREPROCESSOR_DEFINITIONS = (
					"DEBUG=1",
					"$(inherited)",
				);
				GCC_WARN_64_TO_32_BIT_CONVERSION = YES;
				GCC_WARN_ABOUT_RETURN_TYPE = YES_ERROR;
				GCC_WARN_UNDECLARED_SELECTOR = YES;
				GCC_WARN_UNINITIALIZED_AUTOS = YES_AGGRESSIVE;
				GCC_WARN_UNUSED_FUNCTION = YES;
				GCC_WARN_UNUSED_VARIABLE = YES;
				IPHONEOS_DEPLOYMENT_TARGET = 13.6;
				MTL_ENABLE_DEBUG_INFO = INCLUDE_SOURCE;
				MTL_FAST_MATH = YES;
				ONLY_ACTIVE_ARCH = YES;
				SDKROOT = iphoneos;
				SWIFT_ACTIVE_COMPILATION_CONDITIONS = DEBUG;
				SWIFT_OPTIMIZATION_LEVEL = "-Onone";
			};
			name = Debug;
		};
		5721D8C024FCCC9C00CBA49B /* Release */ = {
			isa = XCBuildConfiguration;
			buildSettings = {
				ALWAYS_SEARCH_USER_PATHS = NO;
				CLANG_ANALYZER_NONNULL = YES;
				CLANG_ANALYZER_NUMBER_OBJECT_CONVERSION = YES_AGGRESSIVE;
				CLANG_CXX_LANGUAGE_STANDARD = "gnu++14";
				CLANG_CXX_LIBRARY = "libc++";
				CLANG_ENABLE_MODULES = YES;
				CLANG_ENABLE_OBJC_ARC = YES;
				CLANG_ENABLE_OBJC_WEAK = YES;
				CLANG_WARN_BLOCK_CAPTURE_AUTORELEASING = YES;
				CLANG_WARN_BOOL_CONVERSION = YES;
				CLANG_WARN_COMMA = YES;
				CLANG_WARN_CONSTANT_CONVERSION = YES;
				CLANG_WARN_DEPRECATED_OBJC_IMPLEMENTATIONS = YES;
				CLANG_WARN_DIRECT_OBJC_ISA_USAGE = YES_ERROR;
				CLANG_WARN_DOCUMENTATION_COMMENTS = YES;
				CLANG_WARN_EMPTY_BODY = YES;
				CLANG_WARN_ENUM_CONVERSION = YES;
				CLANG_WARN_INFINITE_RECURSION = YES;
				CLANG_WARN_INT_CONVERSION = YES;
				CLANG_WARN_NON_LITERAL_NULL_CONVERSION = YES;
				CLANG_WARN_OBJC_IMPLICIT_RETAIN_SELF = YES;
				CLANG_WARN_OBJC_LITERAL_CONVERSION = YES;
				CLANG_WARN_OBJC_ROOT_CLASS = YES_ERROR;
				CLANG_WARN_RANGE_LOOP_ANALYSIS = YES;
				CLANG_WARN_STRICT_PROTOTYPES = YES;
				CLANG_WARN_SUSPICIOUS_MOVE = YES;
				CLANG_WARN_UNGUARDED_AVAILABILITY = YES_AGGRESSIVE;
				CLANG_WARN_UNREACHABLE_CODE = YES;
				CLANG_WARN__DUPLICATE_METHOD_MATCH = YES;
				COPY_PHASE_STRIP = NO;
				DEBUG_INFORMATION_FORMAT = "dwarf-with-dsym";
				ENABLE_NS_ASSERTIONS = NO;
				ENABLE_STRICT_OBJC_MSGSEND = YES;
				GCC_C_LANGUAGE_STANDARD = gnu11;
				GCC_NO_COMMON_BLOCKS = YES;
				GCC_WARN_64_TO_32_BIT_CONVERSION = YES;
				GCC_WARN_ABOUT_RETURN_TYPE = YES_ERROR;
				GCC_WARN_UNDECLARED_SELECTOR = YES;
				GCC_WARN_UNINITIALIZED_AUTOS = YES_AGGRESSIVE;
				GCC_WARN_UNUSED_FUNCTION = YES;
				GCC_WARN_UNUSED_VARIABLE = YES;
				IPHONEOS_DEPLOYMENT_TARGET = 13.6;
				MTL_ENABLE_DEBUG_INFO = NO;
				MTL_FAST_MATH = YES;
				SDKROOT = iphoneos;
				SWIFT_COMPILATION_MODE = wholemodule;
				SWIFT_OPTIMIZATION_LEVEL = "-O";
				VALIDATE_PRODUCT = YES;
			};
			name = Release;
		};
		5721D8C224FCCC9C00CBA49B /* Debug */ = {
			isa = XCBuildConfiguration;
			buildSettings = {
				ALWAYS_EMBED_SWIFT_STANDARD_LIBRARIES = YES;
				ASSETCATALOG_COMPILER_APPICON_NAME = AppIcon;
				CODE_SIGN_STYLE = Automatic;
				DEVELOPMENT_TEAM = CDJ4RL6V3L;
				INFOPLIST_FILE = Download/Info.plist;
				LD_RUNPATH_SEARCH_PATHS = (
					"$(inherited)",
					"@executable_path/Frameworks",
				);
				PRODUCT_BUNDLE_IDENTIFIER = ru.tasya.Download;
				PRODUCT_NAME = "$(TARGET_NAME)";
				SWIFT_VERSION = 5.0;
				TARGETED_DEVICE_FAMILY = "1,2";
			};
			name = Debug;
		};
		5721D8C324FCCC9C00CBA49B /* Release */ = {
			isa = XCBuildConfiguration;
			buildSettings = {
				ALWAYS_EMBED_SWIFT_STANDARD_LIBRARIES = YES;
				ASSETCATALOG_COMPILER_APPICON_NAME = AppIcon;
				CODE_SIGN_STYLE = Automatic;
				DEVELOPMENT_TEAM = CDJ4RL6V3L;
				INFOPLIST_FILE = Download/Info.plist;
				LD_RUNPATH_SEARCH_PATHS = (
					"$(inherited)",
					"@executable_path/Frameworks",
				);
				PRODUCT_BUNDLE_IDENTIFIER = ru.tasya.Download;
				PRODUCT_NAME = "$(TARGET_NAME)";
				SWIFT_VERSION = 5.0;
				TARGETED_DEVICE_FAMILY = "1,2";
			};
			name = Release;
		};
		5721D8D624FCCCD900CBA49B /* Debug */ = {
			isa = XCBuildConfiguration;
			buildSettings = {
				CODE_SIGN_STYLE = Automatic;
				DEVELOPMENT_TEAM = CDJ4RL6V3L;
				INFOPLIST_FILE = DownloadVideo/Info.plist;
				LD_RUNPATH_SEARCH_PATHS = (
					"$(inherited)",
					"@executable_path/Frameworks",
					"@executable_path/../../Frameworks",
				);
				PRODUCT_BUNDLE_IDENTIFIER = ru.tasya.Download.DownloadVideo;
				PRODUCT_NAME = "$(TARGET_NAME)";
				SKIP_INSTALL = YES;
				SWIFT_VERSION = 5.0;
				TARGETED_DEVICE_FAMILY = "1,2";
			};
			name = Debug;
		};
		5721D8D724FCCCD900CBA49B /* Release */ = {
			isa = XCBuildConfiguration;
			buildSettings = {
				CODE_SIGN_STYLE = Automatic;
				DEVELOPMENT_TEAM = CDJ4RL6V3L;
				INFOPLIST_FILE = DownloadVideo/Info.plist;
				LD_RUNPATH_SEARCH_PATHS = (
					"$(inherited)",
					"@executable_path/Frameworks",
					"@executable_path/../../Frameworks",
				);
				PRODUCT_BUNDLE_IDENTIFIER = ru.tasya.Download.DownloadVideo;
				PRODUCT_NAME = "$(TARGET_NAME)";
				SKIP_INSTALL = YES;
				SWIFT_VERSION = 5.0;
				TARGETED_DEVICE_FAMILY = "1,2";
			};
			name = Release;
		};
/* End XCBuildConfiguration section */

/* Begin XCConfigurationList section */
		5721D8A824FCCC9A00CBA49B /* Build configuration list for PBXProject "Download" */ = {
			isa = XCConfigurationList;
			buildConfigurations = (
				5721D8BF24FCCC9C00CBA49B /* Debug */,
				5721D8C024FCCC9C00CBA49B /* Release */,
			);
			defaultConfigurationIsVisible = 0;
			defaultConfigurationName = Release;
		};
		5721D8C124FCCC9C00CBA49B /* Build configuration list for PBXNativeTarget "Download" */ = {
			isa = XCConfigurationList;
			buildConfigurations = (
				5721D8C224FCCC9C00CBA49B /* Debug */,
				5721D8C324FCCC9C00CBA49B /* Release */,
			);
			defaultConfigurationIsVisible = 0;
			defaultConfigurationName = Release;
		};
		5721D8D524FCCCD900CBA49B /* Build configuration list for PBXNativeTarget "DownloadVideo" */ = {
			isa = XCConfigurationList;
			buildConfigurations = (
				5721D8D624FCCCD900CBA49B /* Debug */,
				5721D8D724FCCCD900CBA49B /* Release */,
			);
			defaultConfigurationIsVisible = 0;
			defaultConfigurationName = Release;
		};
/* End XCConfigurationList section */
	};
	rootObject = 5721D8A524FCCC9A00CBA49B /* Project object */;
}
